// !$*UTF8*$!
{
	archiveVersion = 1;
	classes = {
	};
	objectVersion = 46;
	objects = {

/* Begin PBXBuildFile section */
		FAF6364A18F847FE005033BC /* Foundation.framework in Frameworks */ = {isa = PBXBuildFile; fileRef = FAF6364918F847FE005033BC /* Foundation.framework */; };
		FAF6364C18F847FE005033BC /* CoreGraphics.framework in Frameworks */ = {isa = PBXBuildFile; fileRef = FAF6364B18F847FE005033BC /* CoreGraphics.framework */; };
		FAF6364E18F847FE005033BC /* UIKit.framework in Frameworks */ = {isa = PBXBuildFile; fileRef = FAF6364D18F847FE005033BC /* UIKit.framework */; };
		FAF6365418F847FE005033BC /* InfoPlist.strings in Resources */ = {isa = PBXBuildFile; fileRef = FAF6365218F847FE005033BC /* InfoPlist.strings */; };
		FAF6365618F847FE005033BC /* main.m in Sources */ = {isa = PBXBuildFile; fileRef = FAF6365518F847FE005033BC /* main.m */; };
		FAF6365A18F847FE005033BC /* AppDelegate.m in Sources */ = {isa = PBXBuildFile; fileRef = FAF6365918F847FE005033BC /* AppDelegate.m */; };
		FAF6365D18F847FE005033BC /* Main.storyboard in Resources */ = {isa = PBXBuildFile; fileRef = FAF6365B18F847FE005033BC /* Main.storyboard */; };
		FAF6366018F847FE005033BC /* ViewController.m in Sources */ = {isa = PBXBuildFile; fileRef = FAF6365F18F847FE005033BC /* ViewController.m */; };
		FAF6366218F847FE005033BC /* Images.xcassets in Resources */ = {isa = PBXBuildFile; fileRef = FAF6366118F847FE005033BC /* Images.xcassets */; };
		FAF6366918F847FE005033BC /* XCTest.framework in Frameworks */ = {isa = PBXBuildFile; fileRef = FAF6366818F847FE005033BC /* XCTest.framework */; };
		FAF6366A18F847FE005033BC /* Foundation.framework in Frameworks */ = {isa = PBXBuildFile; fileRef = FAF6364918F847FE005033BC /* Foundation.framework */; };
		FAF6366B18F847FE005033BC /* UIKit.framework in Frameworks */ = {isa = PBXBuildFile; fileRef = FAF6364D18F847FE005033BC /* UIKit.framework */; };
		FAF6367318F847FE005033BC /* InfoPlist.strings in Resources */ = {isa = PBXBuildFile; fileRef = FAF6367118F847FE005033BC /* InfoPlist.strings */; };
		FAF6367518F847FE005033BC /* PageViewDemoTests.m in Sources */ = {isa = PBXBuildFile; fileRef = FAF6367418F847FE005033BC /* PageViewDemoTests.m */; };
		FAF6368018F85547005033BC /* PageContentViewController.m in Sources */ = {isa = PBXBuildFile; fileRef = FAF6367F18F85547005033BC /* PageContentViewController.m */; };
		FAF99C5D18F86D37003B6B78 /* batman.jpg in Resources */ = {isa = PBXBuildFile; fileRef = FAF99C5918F86D37003B6B78 /* batman.jpg */; };
		FAF99C5E18F86D37003B6B78 /* spiderman.jpg in Resources */ = {isa = PBXBuildFile; fileRef = FAF99C5A18F86D37003B6B78 /* spiderman.jpg */; };
		FAF99C5F18F86D37003B6B78 /* superman.jpg in Resources */ = {isa = PBXBuildFile; fileRef = FAF99C5B18F86D37003B6B78 /* superman.jpg */; };
		FAF99C6018F86D37003B6B78 /* wolverine.jpg in Resources */ = {isa = PBXBuildFile; fileRef = FAF99C5C18F86D37003B6B78 /* wolverine.jpg */; };
/* End PBXBuildFile section */

/* Begin PBXContainerItemProxy section */
		FAF6366C18F847FE005033BC /* PBXContainerItemProxy */ = {
			isa = PBXContainerItemProxy;
			containerPortal = FAF6363E18F847FE005033BC /* Project object */;
			proxyType = 1;
			remoteGlobalIDString = FAF6364518F847FE005033BC;
			remoteInfo = PageViewDemo;
		};
/* End PBXContainerItemProxy section */

/* Begin PBXFileReference section */
		FAF6364618F847FE005033BC /* PageViewDemo.app */ = {isa = PBXFileReference; explicitFileType = wrapper.application; includeInIndex = 0; path = PageViewDemo.app; sourceTree = BUILT_PRODUCTS_DIR; };
		FAF6364918F847FE005033BC /* Foundation.framework */ = {isa = PBXFileReference; lastKnownFileType = wrapper.framework; name = Foundation.framework; path = System/Library/Frameworks/Foundation.framework; sourceTree = SDKROOT; };
		FAF6364B18F847FE005033BC /* CoreGraphics.framework */ = {isa = PBXFileReference; lastKnownFileType = wrapper.framework; name = CoreGraphics.framework; path = System/Library/Frameworks/CoreGraphics.framework; sourceTree = SDKROOT; };
		FAF6364D18F847FE005033BC /* UIKit.framework */ = {isa = PBXFileReference; lastKnownFileType = wrapper.framework; name = UIKit.framework; path = System/Library/Frameworks/UIKit.framework; sourceTree = SDKROOT; };
		FAF6365118F847FE005033BC /* PageViewDemo-Info.plist */ = {isa = PBXFileReference; lastKnownFileType = text.plist.xml; path = "PageViewDemo-Info.plist"; sourceTree = "<group>"; };
		FAF6365318F847FE005033BC /* en */ = {isa = PBXFileReference; lastKnownFileType = text.plist.strings; name = en; path = en.lproj/InfoPlist.strings; sourceTree = "<group>"; };
		FAF6365518F847FE005033BC /* main.m */ = {isa = PBXFileReference; lastKnownFileType = sourcecode.c.objc; path = main.m; sourceTree = "<group>"; };
		FAF6365718F847FE005033BC /* PageViewDemo-Prefix.pch */ = {isa = PBXFileReference; lastKnownFileType = sourcecode.c.h; path = "PageViewDemo-Prefix.pch"; sourceTree = "<group>"; };
		FAF6365818F847FE005033BC /* AppDelegate.h */ = {isa = PBXFileReference; lastKnownFileType = sourcecode.c.h; path = AppDelegate.h; sourceTree = "<group>"; };
		FAF6365918F847FE005033BC /* AppDelegate.m */ = {isa = PBXFileReference; lastKnownFileType = sourcecode.c.objc; path = AppDelegate.m; sourceTree = "<group>"; };
		FAF6365C18F847FE005033BC /* Base */ = {isa = PBXFileReference; lastKnownFileType = file.storyboard; name = Base; path = Base.lproj/Main.storyboard; sourceTree = "<group>"; };
		FAF6365E18F847FE005033BC /* ViewController.h */ = {isa = PBXFileReference; lastKnownFileType = sourcecode.c.h; path = ViewController.h; sourceTree = "<group>"; };
		FAF6365F18F847FE005033BC /* ViewController.m */ = {isa = PBXFileReference; lastKnownFileType = sourcecode.c.objc; path = ViewController.m; sourceTree = "<group>"; };
		FAF6366118F847FE005033BC /* Images.xcassets */ = {isa = PBXFileReference; lastKnownFileType = folder.assetcatalog; path = Images.xcassets; sourceTree = "<group>"; };
		FAF6366718F847FE005033BC /* PageViewDemoTests.xctest */ = {isa = PBXFileReference; explicitFileType = wrapper.cfbundle; includeInIndex = 0; path = PageViewDemoTests.xctest; sourceTree = BUILT_PRODUCTS_DIR; };
		FAF6366818F847FE005033BC /* XCTest.framework */ = {isa = PBXFileReference; lastKnownFileType = wrapper.framework; name = XCTest.framework; path = Library/Frameworks/XCTest.framework; sourceTree = DEVELOPER_DIR; };
		FAF6367018F847FE005033BC /* PageViewDemoTests-Info.plist */ = {isa = PBXFileReference; lastKnownFileType = text.plist.xml; path = "PageViewDemoTests-Info.plist"; sourceTree = "<group>"; };
		FAF6367218F847FE005033BC /* en */ = {isa = PBXFileReference; lastKnownFileType = text.plist.strings; name = en; path = en.lproj/InfoPlist.strings; sourceTree = "<group>"; };
		FAF6367418F847FE005033BC /* PageViewDemoTests.m */ = {isa = PBXFileReference; lastKnownFileType = sourcecode.c.objc; path = PageViewDemoTests.m; sourceTree = "<group>"; };
		FAF6367E18F85547005033BC /* PageContentViewController.h */ = {isa = PBXFileReference; fileEncoding = 4; lastKnownFileType = sourcecode.c.h; path = PageContentViewController.h; sourceTree = "<group>"; };
		FAF6367F18F85547005033BC /* PageContentViewController.m */ = {isa = PBXFileReference; fileEncoding = 4; lastKnownFileType = sourcecode.c.objc; path = PageContentViewController.m; sourceTree = "<group>"; };
		FAF99C5918F86D37003B6B78 /* batman.jpg */ = {isa = PBXFileReference; lastKnownFileType = image.jpeg; path = batman.jpg; sourceTree = "<group>"; };
		FAF99C5A18F86D37003B6B78 /* spiderman.jpg */ = {isa = PBXFileReference; lastKnownFileType = image.jpeg; path = spiderman.jpg; sourceTree = "<group>"; };
		FAF99C5B18F86D37003B6B78 /* superman.jpg */ = {isa = PBXFileReference; lastKnownFileType = image.jpeg; path = superman.jpg; sourceTree = "<group>"; };
		FAF99C5C18F86D37003B6B78 /* wolverine.jpg */ = {isa = PBXFileReference; lastKnownFileType = image.jpeg; path = wolverine.jpg; sourceTree = "<group>"; };
/* End PBXFileReference section */

/* Begin PBXFrameworksBuildPhase section */
		FAF6364318F847FE005033BC /* Frameworks */ = {
			isa = PBXFrameworksBuildPhase;
			buildActionMask = 2147483647;
			files = (
				FAF6364C18F847FE005033BC /* CoreGraphics.framework in Frameworks */,
				FAF6364E18F847FE005033BC /* UIKit.framework in Frameworks */,
				FAF6364A18F847FE005033BC /* Foundation.framework in Frameworks */,
			);
			runOnlyForDeploymentPostprocessing = 0;
		};
		FAF6366418F847FE005033BC /* Frameworks */ = {
			isa = PBXFrameworksBuildPhase;
			buildActionMask = 2147483647;
			files = (
				FAF6366918F847FE005033BC /* XCTest.framework in Frameworks */,
				FAF6366B18F847FE005033BC /* UIKit.framework in Frameworks */,
				FAF6366A18F847FE005033BC /* Foundation.framework in Frameworks */,
			);
			runOnlyForDeploymentPostprocessing = 0;
		};
/* End PBXFrameworksBuildPhase section */

/* Begin PBXGroup section */
		FAF6363D18F847FE005033BC = {
			isa = PBXGroup;
			children = (
				FAF6364F18F847FE005033BC /* PageViewDemo */,
				FAF6366E18F847FE005033BC /* PageViewDemoTests */,
				FAF6364818F847FE005033BC /* Frameworks */,
				FAF6364718F847FE005033BC /* Products */,
			);
			sourceTree = "<group>";
		};
		FAF6364718F847FE005033BC /* Products */ = {
			isa = PBXGroup;
			children = (
				FAF6364618F847FE005033BC /* PageViewDemo.app */,
				FAF6366718F847FE005033BC /* PageViewDemoTests.xctest */,
			);
			name = Products;
			sourceTree = "<group>";
		};
		FAF6364818F847FE005033BC /* Frameworks */ = {
			isa = PBXGroup;
			children = (
				FAF6364918F847FE005033BC /* Foundation.framework */,
				FAF6364B18F847FE005033BC /* CoreGraphics.framework */,
				FAF6364D18F847FE005033BC /* UIKit.framework */,
				FAF6366818F847FE005033BC /* XCTest.framework */,
			);
			name = Frameworks;
			sourceTree = "<group>";
		};
		FAF6364F18F847FE005033BC /* PageViewDemo */ = {
			isa = PBXGroup;
			children = (
				FAF6368118F85CCD005033BC /* images */,
				FAF6365818F847FE005033BC /* AppDelegate.h */,
				FAF6365918F847FE005033BC /* AppDelegate.m */,
				FAF6365B18F847FE005033BC /* Main.storyboard */,
				FAF6365E18F847FE005033BC /* ViewController.h */,
				FAF6365F18F847FE005033BC /* ViewController.m */,
				FAF6366118F847FE005033BC /* Images.xcassets */,
				FAF6365018F847FE005033BC /* Supporting Files */,
				FAF6367E18F85547005033BC /* PageContentViewController.h */,
				FAF6367F18F85547005033BC /* PageContentViewController.m */,
			);
			path = PageViewDemo;
			sourceTree = "<group>";
		};
		FAF6365018F847FE005033BC /* Supporting Files */ = {
			isa = PBXGroup;
			children = (
				FAF6365118F847FE005033BC /* PageViewDemo-Info.plist */,
				FAF6365218F847FE005033BC /* InfoPlist.strings */,
				FAF6365518F847FE005033BC /* main.m */,
				FAF6365718F847FE005033BC /* PageViewDemo-Prefix.pch */,
			);
			name = "Supporting Files";
			sourceTree = "<group>";
		};
		FAF6366E18F847FE005033BC /* PageViewDemoTests */ = {
			isa = PBXGroup;
			children = (
				FAF6367418F847FE005033BC /* PageViewDemoTests.m */,
				FAF6366F18F847FE005033BC /* Supporting Files */,
			);
			path = PageViewDemoTests;
			sourceTree = "<group>";
		};
		FAF6366F18F847FE005033BC /* Supporting Files */ = {
			isa = PBXGroup;
			children = (
				FAF6367018F847FE005033BC /* PageViewDemoTests-Info.plist */,
				FAF6367118F847FE005033BC /* InfoPlist.strings */,
			);
			name = "Supporting Files";
			sourceTree = "<group>";
		};
		FAF6368118F85CCD005033BC /* images */ = {
			isa = PBXGroup;
			children = (
				FAF99C5918F86D37003B6B78 /* batman.jpg */,
				FAF99C5A18F86D37003B6B78 /* spiderman.jpg */,
				FAF99C5B18F86D37003B6B78 /* superman.jpg */,
				FAF99C5C18F86D37003B6B78 /* wolverine.jpg */,
			);
			name = images;
			sourceTree = "<group>";
		};
/* End PBXGroup section */

/* Begin PBXNativeTarget section */
		FAF6364518F847FE005033BC /* PageViewDemo */ = {
			isa = PBXNativeTarget;
			buildConfigurationList = FAF6367818F847FE005033BC /* Build configuration list for PBXNativeTarget "PageViewDemo" */;
			buildPhases = (
				FAF6364218F847FE005033BC /* Sources */,
				FAF6364318F847FE005033BC /* Frameworks */,
				FAF6364418F847FE005033BC /* Resources */,
			);
			buildRules = (
			);
			dependencies = (
			);
			name = PageViewDemo;
			productName = PageViewDemo;
			productReference = FAF6364618F847FE005033BC /* PageViewDemo.app */;
			productType = "com.apple.product-type.application";
		};
		FAF6366618F847FE005033BC /* PageViewDemoTests */ = {
			isa = PBXNativeTarget;
			buildConfigurationList = FAF6367B18F847FE005033BC /* Build configuration list for PBXNativeTarget "PageViewDemoTests" */;
			buildPhases = (
				FAF6366318F847FE005033BC /* Sources */,
				FAF6366418F847FE005033BC /* Frameworks */,
				FAF6366518F847FE005033BC /* Resources */,
			);
			buildRules = (
			);
			dependencies = (
				FAF6366D18F847FE005033BC /* PBXTargetDependency */,
			);
			name = PageViewDemoTests;
			productName = PageViewDemoTests;
			productReference = FAF6366718F847FE005033BC /* PageViewDemoTests.xctest */;
			productType = "com.apple.product-type.bundle.unit-test";
		};
/* End PBXNativeTarget section */

/* Begin PBXProject section */
		FAF6363E18F847FE005033BC /* Project object */ = {
			isa = PBXProject;
			attributes = {
				LastUpgradeCheck = 0510;
				ORGANIZATIONNAME = MonsterLabs;
				TargetAttributes = {
					FAF6366618F847FE005033BC = {
						TestTargetID = FAF6364518F847FE005033BC;
					};
				};
			};
			buildConfigurationList = FAF6364118F847FE005033BC /* Build configuration list for PBXProject "PageViewDemo" */;
			compatibilityVersion = "Xcode 3.2";
			developmentRegion = English;
			hasScannedForEncodings = 0;
			knownRegions = (
				en,
				Base,
			);
			mainGroup = FAF6363D18F847FE005033BC;
			productRefGroup = FAF6364718F847FE005033BC /* Products */;
			projectDirPath = "";
			projectRoot = "";
			targets = (
				FAF6364518F847FE005033BC /* PageViewDemo */,
				FAF6366618F847FE005033BC /* PageViewDemoTests */,
			);
		};
/* End PBXProject section */

/* Begin PBXResourcesBuildPhase section */
		FAF6364418F847FE005033BC /* Resources */ = {
			isa = PBXResourcesBuildPhase;
			buildActionMask = 2147483647;
			files = (
				FAF99C5D18F86D37003B6B78 /* batman.jpg in Resources */,
				FAF6366218F847FE005033BC /* Images.xcassets in Resources */,
				FAF6365418F847FE005033BC /* InfoPlist.strings in Resources */,
				FAF99C5E18F86D37003B6B78 /* spiderman.jpg in Resources */,
				FAF99C5F18F86D37003B6B78 /* superman.jpg in Resources */,
				FAF6365D18F847FE005033BC /* Main.storyboard in Resources */,
				FAF99C6018F86D37003B6B78 /* wolverine.jpg in Resources */,
			);
			runOnlyForDeploymentPostprocessing = 0;
		};
		FAF6366518F847FE005033BC /* Resources */ = {
			isa = PBXResourcesBuildPhase;
			buildActionMask = 2147483647;
			files = (
				FAF6367318F847FE005033BC /* InfoPlist.strings in Resources */,
			);
			runOnlyForDeploymentPostprocessing = 0;
		};
/* End PBXResourcesBuildPhase section */

/* Begin PBXSourcesBuildPhase section */
		FAF6364218F847FE005033BC /* Sources */ = {
			isa = PBXSourcesBuildPhase;
			buildActionMask = 2147483647;
			files = (
				FAF6366018F847FE005033BC /* ViewController.m in Sources */,
				FAF6368018F85547005033BC /* PageContentViewController.m in Sources */,
				FAF6365A18F847FE005033BC /* AppDelegate.m in Sources */,
				FAF6365618F847FE005033BC /* main.m in Sources */,
			);
			runOnlyForDeploymentPostprocessing = 0;
		};
		FAF6366318F847FE005033BC /* Sources */ = {
			isa = PBXSourcesBuildPhase;
			buildActionMask = 2147483647;
			files = (
				FAF6367518F847FE005033BC /* PageViewDemoTests.m in Sources */,
			);
			runOnlyForDeploymentPostprocessing = 0;
		};
/* End PBXSourcesBuildPhase section */

/* Begin PBXTargetDependency section */
		FAF6366D18F847FE005033BC /* PBXTargetDependency */ = {
			isa = PBXTargetDependency;
			target = FAF6364518F847FE005033BC /* PageViewDemo */;
			targetProxy = FAF6366C18F847FE005033BC /* PBXContainerItemProxy */;
		};
/* End PBXTargetDependency section */

/* Begin PBXVariantGroup section */
		FAF6365218F847FE005033BC /* InfoPlist.strings */ = {
			isa = PBXVariantGroup;
			children = (
				FAF6365318F847FE005033BC /* en */,
			);
			name = InfoPlist.strings;
			sourceTree = "<group>";
		};
		FAF6365B18F847FE005033BC /* Main.storyboard */ = {
			isa = PBXVariantGroup;
			children = (
				FAF6365C18F847FE005033BC /* Base */,
			);
			name = Main.storyboard;
			sourceTree = "<group>";
		};
		FAF6367118F847FE005033BC /* InfoPlist.strings */ = {
			isa = PBXVariantGroup;
			children = (
				FAF6367218F847FE005033BC /* en */,
			);
			name = InfoPlist.strings;
			sourceTree = "<group>";
		};
/* End PBXVariantGroup section */

/* Begin XCBuildConfiguration section */
		FAF6367618F847FE005033BC /* Debug */ = {
			isa = XCBuildConfiguration;
			buildSettings = {
				ALWAYS_SEARCH_USER_PATHS = NO;
				CLANG_CXX_LANGUAGE_STANDARD = "gnu++0x";
				CLANG_CXX_LIBRARY = "libc++";
				CLANG_ENABLE_MODULES = YES;
				CLANG_ENABLE_OBJC_ARC = YES;
				CLANG_WARN_BOOL_CONVERSION = YES;
				CLANG_WARN_CONSTANT_CONVERSION = YES;
				CLANG_WARN_DIRECT_OBJC_ISA_USAGE = YES_ERROR;
				CLANG_WARN_EMPTY_BODY = YES;
				CLANG_WARN_ENUM_CONVERSION = YES;
				CLANG_WARN_INT_CONVERSION = YES;
				CLANG_WARN_OBJC_ROOT_CLASS = YES_ERROR;
				CLANG_WARN__DUPLICATE_METHOD_MATCH = YES;
				"CODE_SIGN_IDENTITY[sdk=iphoneos*]" = "iPhone Developer";
				COPY_PHASE_STRIP = NO;
				GCC_C_LANGUAGE_STANDARD = gnu99;
				GCC_DYNAMIC_NO_PIC = NO;
				GCC_OPTIMIZATION_LEVEL = 0;
				GCC_PREPROCESSOR_DEFINITIONS = (
					"DEBUG=1",
					"$(inherited)",
				);
				GCC_SYMBOLS_PRIVATE_EXTERN = NO;
				GCC_WARN_64_TO_32_BIT_CONVERSION = YES;
				GCC_WARN_ABOUT_RETURN_TYPE = YES_ERROR;
				GCC_WARN_UNDECLARED_SELECTOR = YES;
				GCC_WARN_UNINITIALIZED_AUTOS = YES_AGGRESSIVE;
				GCC_WARN_UNUSED_FUNCTION = YES;
				GCC_WARN_UNUSED_VARIABLE = YES;
				IPHONEOS_DEPLOYMENT_TARGET = 7.1;
				ONLY_ACTIVE_ARCH = YES;
				SDKROOT = iphoneos;
			};
			name = Debug;
		};
		FAF6367718F847FE005033BC /* Release */ = {
			isa = XCBuildConfiguration;
			buildSettings = {
				ALWAYS_SEARCH_USER_PATHS = NO;
				CLANG_CXX_LANGUAGE_STANDARD = "gnu++0x";
				CLANG_CXX_LIBRARY = "libc++";
				CLANG_ENABLE_MODULES = YES;
				CLANG_ENABLE_OBJC_ARC = YES;
				CLANG_WARN_BOOL_CONVERSION = YES;
				CLANG_WARN_CONSTANT_CONVERSION = YES;
				CLANG_WARN_DIRECT_OBJC_ISA_USAGE = YES_ERROR;
				CLANG_WARN_EMPTY_BODY = YES;
				CLANG_WARN_ENUM_CONVERSION = YES;
				CLANG_WARN_INT_CONVERSION = YES;
				CLANG_WARN_OBJC_ROOT_CLASS = YES_ERROR;
				CLANG_WARN__DUPLICATE_METHOD_MATCH = YES;
				"CODE_SIGN_IDENTITY[sdk=iphoneos*]" = "iPhone Developer";
				COPY_PHASE_STRIP = YES;
				ENABLE_NS_ASSERTIONS = NO;
				GCC_C_LANGUAGE_STANDARD = gnu99;
				GCC_WARN_64_TO_32_BIT_CONVERSION = YES;
				GCC_WARN_ABOUT_RETURN_TYPE = YES_ERROR;
				GCC_WARN_UNDECLARED_SELECTOR = YES;
				GCC_WARN_UNINITIALIZED_AUTOS = YES_AGGRESSIVE;
				GCC_WARN_UNUSED_FUNCTION = YES;
				GCC_WARN_UNUSED_VARIABLE = YES;
				IPHONEOS_DEPLOYMENT_TARGET = 7.1;
				SDKROOT = iphoneos;
				VALIDATE_PRODUCT = YES;
			};
			name = Release;
		};
		FAF6367918F847FE005033BC /* Debug */ = {
			isa = XCBuildConfiguration;
			buildSettings = {
				ASSETCATALOG_COMPILER_APPICON_NAME = AppIcon;
				ASSETCATALOG_COMPILER_LAUNCHIMAGE_NAME = LaunchImage;
				GCC_PRECOMPILE_PREFIX_HEADER = YES;
				GCC_PREFIX_HEADER = "PageViewDemo/PageViewDemo-Prefix.pch";
				INFOPLIST_FILE = "PageViewDemo/PageViewDemo-Info.plist";
				PRODUCT_NAME = "$(TARGET_NAME)";
				WRAPPER_EXTENSION = app;
			};
			name = Debug;
		};
		FAF6367A18F847FE005033BC /* Release */ = {
			isa = XCBuildConfiguration;
			buildSettings = {
				ASSETCATALOG_COMPILER_APPICON_NAME = AppIcon;
				ASSETCATALOG_COMPILER_LAUNCHIMAGE_NAME = LaunchImage;
				GCC_PRECOMPILE_PREFIX_HEADER = YES;
				GCC_PREFIX_HEADER = "PageViewDemo/PageViewDemo-Prefix.pch";
				INFOPLIST_FILE = "PageViewDemo/PageViewDemo-Info.plist";
				PRODUCT_NAME = "$(TARGET_NAME)";
				WRAPPER_EXTENSION = app;
			};
			name = Release;
		};
		FAF6367C18F847FE005033BC /* Debug */ = {
			isa = XCBuildConfiguration;
			buildSettings = {
				BUNDLE_LOADER = "$(BUILT_PRODUCTS_DIR)/PageViewDemo.app/PageViewDemo";
				FRAMEWORK_SEARCH_PATHS = (
					"$(SDKROOT)/Developer/Library/Frameworks",
					"$(inherited)",
					"$(DEVELOPER_FRAMEWORKS_DIR)",
				);
				GCC_PRECOMPILE_PREFIX_HEADER = YES;
				GCC_PREFIX_HEADER = "PageViewDemo/PageViewDemo-Prefix.pch";
				GCC_PREPROCESSOR_DEFINITIONS = (
					"DEBUG=1",
					"$(inherited)",
				);
				INFOPLIST_FILE = "PageViewDemoTests/PageViewDemoTests-Info.plist";
				PRODUCT_NAME = "$(TARGET_NAME)";
				TEST_HOST = "$(BUNDLE_LOADER)";
				WRAPPER_EXTENSION = xctest;
			};
			name = Debug;
		};
		FAF6367D18F847FE005033BC /* Release */ = {
			isa = XCBuildConfiguration;
			buildSettings = {
				BUNDLE_LOADER = "$(BUILT_PRODUCTS_DIR)/PageViewDemo.app/PageViewDemo";
				FRAMEWORK_SEARCH_PATHS = (
					"$(SDKROOT)/Developer/Library/Frameworks",
					"$(inherited)",
					"$(DEVELOPER_FRAMEWORKS_DIR)",
				);
				GCC_PRECOMPILE_PREFIX_HEADER = YES;
				GCC_PREFIX_HEADER = "PageViewDemo/PageViewDemo-Prefix.pch";
				INFOPLIST_FILE = "PageViewDemoTests/PageViewDemoTests-Info.plist";
				PRODUCT_NAME = "$(TARGET_NAME)";
				TEST_HOST = "$(BUNDLE_LOADER)";
				WRAPPER_EXTENSION = xctest;
			};
			name = Release;
		};
/* End XCBuildConfiguration section */

/* Begin XCConfigurationList section */
		FAF6364118F847FE005033BC /* Build configuration list for PBXProject "PageViewDemo" */ = {
			isa = XCConfigurationList;
			buildConfigurations = (
				FAF6367618F847FE005033BC /* Debug */,
				FAF6367718F847FE005033BC /* Release */,
			);
			defaultConfigurationIsVisible = 0;
			defaultConfigurationName = Release;
		};
		FAF6367818F847FE005033BC /* Build configuration list for PBXNativeTarget "PageViewDemo" */ = {
			isa = XCConfigurationList;
			buildConfigurations = (
				FAF6367918F847FE005033BC /* Debug */,
				FAF6367A18F847FE005033BC /* Release */,
			);
			defaultConfigurationIsVisible = 0;
			defaultConfigurationName = Release;
		};
		FAF6367B18F847FE005033BC /* Build configuration list for PBXNativeTarget "PageViewDemoTests" */ = {
			isa = XCConfigurationList;
			buildConfigurations = (
				FAF6367C18F847FE005033BC /* Debug */,
				FAF6367D18F847FE005033BC /* Release */,
			);
			defaultConfigurationIsVisible = 0;
			defaultConfigurationName = Release;
		};
/* End XCConfigurationList section */
	};
	rootObject = FAF6363E18F847FE005033BC /* Project object */;
}
